// !$*UTF8*$!
{
	archiveVersion = 1;
	classes = {
	};
	objectVersion = 56;
	objects = {

/* Begin PBXBuildFile section */
		F19DE5DD28E205B20056CBC6 /* StringConstants.swift in Sources */ = {isa = PBXBuildFile; fileRef = F19DE5DC28E205B20056CBC6 /* StringConstants.swift */; };
		F1B1673B28E1252D00968D93 /* AppDelegate.swift in Sources */ = {isa = PBXBuildFile; fileRef = F1B1673A28E1252D00968D93 /* AppDelegate.swift */; };
		F1B1673D28E1252D00968D93 /* SceneDelegate.swift in Sources */ = {isa = PBXBuildFile; fileRef = F1B1673C28E1252D00968D93 /* SceneDelegate.swift */; };
		F1B1673F28E1252D00968D93 /* ViewController.swift in Sources */ = {isa = PBXBuildFile; fileRef = F1B1673E28E1252D00968D93 /* ViewController.swift */; };
		F1B1674228E1252D00968D93 /* Main.storyboard in Resources */ = {isa = PBXBuildFile; fileRef = F1B1674028E1252D00968D93 /* Main.storyboard */; };
		F1B1674528E1252D00968D93 /* ListApp.xcdatamodeld in Sources */ = {isa = PBXBuildFile; fileRef = F1B1674328E1252D00968D93 /* ListApp.xcdatamodeld */; };
		F1B1674728E1252E00968D93 /* Assets.xcassets in Resources */ = {isa = PBXBuildFile; fileRef = F1B1674628E1252E00968D93 /* Assets.xcassets */; };
		F1B1674A28E1252E00968D93 /* LaunchScreen.storyboard in Resources */ = {isa = PBXBuildFile; fileRef = F1B1674828E1252E00968D93 /* LaunchScreen.storyboard */; };
		F1B1675628E128D600968D93 /* CarModel.swift in Sources */ = {isa = PBXBuildFile; fileRef = F1B1675528E128D600968D93 /* CarModel.swift */; };
/* End PBXBuildFile section */

/* Begin PBXFileReference section */
		F19DE5DC28E205B20056CBC6 /* StringConstants.swift */ = {isa = PBXFileReference; lastKnownFileType = sourcecode.swift; path = StringConstants.swift; sourceTree = "<group>"; };
		F1B1673728E1252D00968D93 /* ListApp.app */ = {isa = PBXFileReference; explicitFileType = wrapper.application; includeInIndex = 0; path = ListApp.app; sourceTree = BUILT_PRODUCTS_DIR; };
		F1B1673A28E1252D00968D93 /* AppDelegate.swift */ = {isa = PBXFileReference; lastKnownFileType = sourcecode.swift; path = AppDelegate.swift; sourceTree = "<group>"; };
		F1B1673C28E1252D00968D93 /* SceneDelegate.swift */ = {isa = PBXFileReference; lastKnownFileType = sourcecode.swift; path = SceneDelegate.swift; sourceTree = "<group>"; };
		F1B1673E28E1252D00968D93 /* ViewController.swift */ = {isa = PBXFileReference; lastKnownFileType = sourcecode.swift; path = ViewController.swift; sourceTree = "<group>"; };
		F1B1674128E1252D00968D93 /* Base */ = {isa = PBXFileReference; lastKnownFileType = file.storyboard; name = Base; path = Base.lproj/Main.storyboard; sourceTree = "<group>"; };
		F1B1674428E1252D00968D93 /* ListApp.xcdatamodel */ = {isa = PBXFileReference; lastKnownFileType = wrapper.xcdatamodel; path = ListApp.xcdatamodel; sourceTree = "<group>"; };
		F1B1674628E1252E00968D93 /* Assets.xcassets */ = {isa = PBXFileReference; lastKnownFileType = folder.assetcatalog; path = Assets.xcassets; sourceTree = "<group>"; };
		F1B1674928E1252E00968D93 /* Base */ = {isa = PBXFileReference; lastKnownFileType = file.storyboard; name = Base; path = Base.lproj/LaunchScreen.storyboard; sourceTree = "<group>"; };
		F1B1674B28E1252E00968D93 /* Info.plist */ = {isa = PBXFileReference; lastKnownFileType = text.plist.xml; path = Info.plist; sourceTree = "<group>"; };
		F1B1675528E128D600968D93 /* CarModel.swift */ = {isa = PBXFileReference; lastKnownFileType = sourcecode.swift; path = CarModel.swift; sourceTree = "<group>"; };
/* End PBXFileReference section */

/* Begin PBXFrameworksBuildPhase section */
		F1B1673428E1252D00968D93 /* Frameworks */ = {
			isa = PBXFrameworksBuildPhase;
			buildActionMask = 2147483647;
			files = (
			);
			runOnlyForDeploymentPostprocessing = 0;
		};
/* End PBXFrameworksBuildPhase section */

/* Begin PBXGroup section */
		F19DE5DB28E205A30056CBC6 /* Constants */ = {
			isa = PBXGroup;
			children = (
				F19DE5DC28E205B20056CBC6 /* StringConstants.swift */,
			);
			path = Constants;
			sourceTree = "<group>";
		};
		F1B1672E28E1252D00968D93 = {
			isa = PBXGroup;
			children = (
				F1B1673928E1252D00968D93 /* ListApp */,
				F1B1673828E1252D00968D93 /* Products */,
			);
			sourceTree = "<group>";
		};
		F1B1673828E1252D00968D93 /* Products */ = {
			isa = PBXGroup;
			children = (
				F1B1673728E1252D00968D93 /* ListApp.app */,
			);
			name = Products;
			sourceTree = "<group>";
		};
		F1B1673928E1252D00968D93 /* ListApp */ = {
			isa = PBXGroup;
			children = (
				F19DE5DB28E205A30056CBC6 /* Constants */,
				F1B1675428E128BA00968D93 /* Models */,
				F1B1675328E1257100968D93 /* Views */,
				F1B1675228E1256B00968D93 /* Controllers */,
				F1B1675128E1254B00968D93 /* Supporting Files */,
			);
			path = ListApp;
			sourceTree = "<group>";
		};
		F1B1675128E1254B00968D93 /* Supporting Files */ = {
			isa = PBXGroup;
			children = (
				F1B1673A28E1252D00968D93 /* AppDelegate.swift */,
				F1B1673C28E1252D00968D93 /* SceneDelegate.swift */,
				F1B1674628E1252E00968D93 /* Assets.xcassets */,
				F1B1674828E1252E00968D93 /* LaunchScreen.storyboard */,
				F1B1674B28E1252E00968D93 /* Info.plist */,
				F1B1674328E1252D00968D93 /* ListApp.xcdatamodeld */,
			);
			path = "Supporting Files";
			sourceTree = "<group>";
		};
		F1B1675228E1256B00968D93 /* Controllers */ = {
			isa = PBXGroup;
			children = (
				F1B1673E28E1252D00968D93 /* ViewController.swift */,
			);
			path = Controllers;
			sourceTree = "<group>";
		};
		F1B1675328E1257100968D93 /* Views */ = {
			isa = PBXGroup;
			children = (
				F1B1674028E1252D00968D93 /* Main.storyboard */,
			);
			path = Views;
			sourceTree = "<group>";
		};
		F1B1675428E128BA00968D93 /* Models */ = {
			isa = PBXGroup;
			children = (
				F1B1675528E128D600968D93 /* CarModel.swift */,
			);
			path = Models;
			sourceTree = "<group>";
		};
/* End PBXGroup section */

/* Begin PBXNativeTarget section */
		F1B1673628E1252D00968D93 /* ListApp */ = {
			isa = PBXNativeTarget;
			buildConfigurationList = F1B1674E28E1252E00968D93 /* Build configuration list for PBXNativeTarget "ListApp" */;
			buildPhases = (
				F1B1673328E1252D00968D93 /* Sources */,
				F1B1673428E1252D00968D93 /* Frameworks */,
				F1B1673528E1252D00968D93 /* Resources */,
			);
			buildRules = (
			);
			dependencies = (
			);
			name = ListApp;
			productName = ListApp;
			productReference = F1B1673728E1252D00968D93 /* ListApp.app */;
			productType = "com.apple.product-type.application";
		};
/* End PBXNativeTarget section */

/* Begin PBXProject section */
		F1B1672F28E1252D00968D93 /* Project object */ = {
			isa = PBXProject;
			attributes = {
				BuildIndependentTargetsInParallel = 1;
				LastSwiftUpdateCheck = 1400;
				LastUpgradeCheck = 1400;
				TargetAttributes = {
					F1B1673628E1252D00968D93 = {
						CreatedOnToolsVersion = 14.0;
					};
				};
			};
			buildConfigurationList = F1B1673228E1252D00968D93 /* Build configuration list for PBXProject "ListApp" */;
			compatibilityVersion = "Xcode 14.0";
			developmentRegion = en;
			hasScannedForEncodings = 0;
			knownRegions = (
				en,
				Base,
			);
			mainGroup = F1B1672E28E1252D00968D93;
			productRefGroup = F1B1673828E1252D00968D93 /* Products */;
			projectDirPath = "";
			projectRoot = "";
			targets = (
				F1B1673628E1252D00968D93 /* ListApp */,
			);
		};
/* End PBXProject section */

/* Begin PBXResourcesBuildPhase section */
		F1B1673528E1252D00968D93 /* Resources */ = {
			isa = PBXResourcesBuildPhase;
			buildActionMask = 2147483647;
			files = (
				F1B1674A28E1252E00968D93 /* LaunchScreen.storyboard in Resources */,
				F1B1674728E1252E00968D93 /* Assets.xcassets in Resources */,
				F1B1674228E1252D00968D93 /* Main.storyboard in Resources */,
			);
			runOnlyForDeploymentPostprocessing = 0;
		};
/* End PBXResourcesBuildPhase section */

/* Begin PBXSourcesBuildPhase section */
		F1B1673328E1252D00968D93 /* Sources */ = {
			isa = PBXSourcesBuildPhase;
			buildActionMask = 2147483647;
			files = (
				F1B1673F28E1252D00968D93 /* ViewController.swift in Sources */,
				F1B1675628E128D600968D93 /* CarModel.swift in Sources */,
				F19DE5DD28E205B20056CBC6 /* StringConstants.swift in Sources */,
				F1B1674528E1252D00968D93 /* ListApp.xcdatamodeld in Sources */,
				F1B1673B28E1252D00968D93 /* AppDelegate.swift in Sources */,
				F1B1673D28E1252D00968D93 /* SceneDelegate.swift in Sources */,
			);
			runOnlyForDeploymentPostprocessing = 0;
		};
/* End PBXSourcesBuildPhase section */

/* Begin PBXVariantGroup section */
		F1B1674028E1252D00968D93 /* Main.storyboard */ = {
			isa = PBXVariantGroup;
			children = (
				F1B1674128E1252D00968D93 /* Base */,
			);
			name = Main.storyboard;
			sourceTree = "<group>";
		};
		F1B1674828E1252E00968D93 /* LaunchScreen.storyboard */ = {
			isa = PBXVariantGroup;
			children = (
				F1B1674928E1252E00968D93 /* Base */,
			);
			name = LaunchScreen.storyboard;
			sourceTree = "<group>";
		};
/* End PBXVariantGroup section */

/* Begin XCBuildConfiguration section */
		F1B1674C28E1252E00968D93 /* Debug */ = {
			isa = XCBuildConfiguration;
			buildSettings = {
				ALWAYS_SEARCH_USER_PATHS = NO;
				CLANG_ANALYZER_NONNULL = YES;
				CLANG_ANALYZER_NUMBER_OBJECT_CONVERSION = YES_AGGRESSIVE;
				CLANG_CXX_LANGUAGE_STANDARD = "gnu++20";
				CLANG_ENABLE_MODULES = YES;
				CLANG_ENABLE_OBJC_ARC = YES;
				CLANG_ENABLE_OBJC_WEAK = YES;
				CLANG_WARN_BLOCK_CAPTURE_AUTORELEASING = YES;
				CLANG_WARN_BOOL_CONVERSION = YES;
				CLANG_WARN_COMMA = YES;
				CLANG_WARN_CONSTANT_CONVERSION = YES;
				CLANG_WARN_DEPRECATED_OBJC_IMPLEMENTATIONS = YES;
				CLANG_WARN_DIRECT_OBJC_ISA_USAGE = YES_ERROR;
				CLANG_WARN_DOCUMENTATION_COMMENTS = YES;
				CLANG_WARN_EMPTY_BODY = YES;
				CLANG_WARN_ENUM_CONVERSION = YES;
				CLANG_WARN_INFINITE_RECURSION = YES;
				CLANG_WARN_INT_CONVERSION = YES;
				CLANG_WARN_NON_LITERAL_NULL_CONVERSION = YES;
				CLANG_WARN_OBJC_IMPLICIT_RETAIN_SELF = YES;
				CLANG_WARN_OBJC_LITERAL_CONVERSION = YES;
				CLANG_WARN_OBJC_ROOT_CLASS = YES_ERROR;
				CLANG_WARN_QUOTED_INCLUDE_IN_FRAMEWORK_HEADER = YES;
				CLANG_WARN_RANGE_LOOP_ANALYSIS = YES;
				CLANG_WARN_STRICT_PROTOTYPES = YES;
				CLANG_WARN_SUSPICIOUS_MOVE = YES;
				CLANG_WARN_UNGUARDED_AVAILABILITY = YES_AGGRESSIVE;
				CLANG_WARN_UNREACHABLE_CODE = YES;
				CLANG_WARN__DUPLICATE_METHOD_MATCH = YES;
				COPY_PHASE_STRIP = NO;
				DEBUG_INFORMATION_FORMAT = dwarf;
				ENABLE_STRICT_OBJC_MSGSEND = YES;
				ENABLE_TESTABILITY = YES;
				GCC_C_LANGUAGE_STANDARD = gnu11;
				GCC_DYNAMIC_NO_PIC = NO;
				GCC_NO_COMMON_BLOCKS = YES;
				GCC_OPTIMIZATION_LEVEL = 0;
				GCC_PREPROCESSOR_DEFINITIONS = (
					"DEBUG=1",
					"$(inherited)",
				);
				GCC_WARN_64_TO_32_BIT_CONVERSION = YES;
				GCC_WARN_ABOUT_RETURN_TYPE = YES_ERROR;
				GCC_WARN_UNDECLARED_SELECTOR = YES;
				GCC_WARN_UNINITIALIZED_AUTOS = YES_AGGRESSIVE;
				GCC_WARN_UNUSED_FUNCTION = YES;
				GCC_WARN_UNUSED_VARIABLE = YES;
				IPHONEOS_DEPLOYMENT_TARGET = 16.0;
				MTL_ENABLE_DEBUG_INFO = INCLUDE_SOURCE;
				MTL_FAST_MATH = YES;
				ONLY_ACTIVE_ARCH = YES;
				SDKROOT = iphoneos;
				SWIFT_ACTIVE_COMPILATION_CONDITIONS = DEBUG;
				SWIFT_OPTIMIZATION_LEVEL = "-Onone";
			};
			name = Debug;
		};
		F1B1674D28E1252E00968D93 /* Release */ = {
			isa = XCBuildConfiguration;
			buildSettings = {
				ALWAYS_SEARCH_USER_PATHS = NO;
				CLANG_ANALYZER_NONNULL = YES;
				CLANG_ANALYZER_NUMBER_OBJECT_CONVERSION = YES_AGGRESSIVE;
				CLANG_CXX_LANGUAGE_STANDARD = "gnu++20";
				CLANG_ENABLE_MODULES = YES;
				CLANG_ENABLE_OBJC_ARC = YES;
				CLANG_ENABLE_OBJC_WEAK = YES;
				CLANG_WARN_BLOCK_CAPTURE_AUTORELEASING = YES;
				CLANG_WARN_BOOL_CONVERSION = YES;
				CLANG_WARN_COMMA = YES;
				CLANG_WARN_CONSTANT_CONVERSION = YES;
				CLANG_WARN_DEPRECATED_OBJC_IMPLEMENTATIONS = YES;
				CLANG_WARN_DIRECT_OBJC_ISA_USAGE = YES_ERROR;
				CLANG_WARN_DOCUMENTATION_COMMENTS = YES;
				CLANG_WARN_EMPTY_BODY = YES;
				CLANG_WARN_ENUM_CONVERSION = YES;
				CLANG_WARN_INFINITE_RECURSION = YES;
				CLANG_WARN_INT_CONVERSION = YES;
				CLANG_WARN_NON_LITERAL_NULL_CONVERSION = YES;
				CLANG_WARN_OBJC_IMPLICIT_RETAIN_SELF = YES;
				CLANG_WARN_OBJC_LITERAL_CONVERSION = YES;
				CLANG_WARN_OBJC_ROOT_CLASS = YES_ERROR;
				CLANG_WARN_QUOTED_INCLUDE_IN_FRAMEWORK_HEADER = YES;
				CLANG_WARN_RANGE_LOOP_ANALYSIS = YES;
				CLANG_WARN_STRICT_PROTOTYPES = YES;
				CLANG_WARN_SUSPICIOUS_MOVE = YES;
				CLANG_WARN_UNGUARDED_AVAILABILITY = YES_AGGRESSIVE;
				CLANG_WARN_UNREACHABLE_CODE = YES;
				CLANG_WARN__DUPLICATE_METHOD_MATCH = YES;
				COPY_PHASE_STRIP = NO;
				DEBUG_INFORMATION_FORMAT = "dwarf-with-dsym";
				ENABLE_NS_ASSERTIONS = NO;
				ENABLE_STRICT_OBJC_MSGSEND = YES;
				GCC_C_LANGUAGE_STANDARD = gnu11;
				GCC_NO_COMMON_BLOCKS = YES;
				GCC_WARN_64_TO_32_BIT_CONVERSION = YES;
				GCC_WARN_ABOUT_RETURN_TYPE = YES_ERROR;
				GCC_WARN_UNDECLARED_SELECTOR = YES;
				GCC_WARN_UNINITIALIZED_AUTOS = YES_AGGRESSIVE;
				GCC_WARN_UNUSED_FUNCTION = YES;
				GCC_WARN_UNUSED_VARIABLE = YES;
				IPHONEOS_DEPLOYMENT_TARGET = 16.0;
				MTL_ENABLE_DEBUG_INFO = NO;
				MTL_FAST_MATH = YES;
				SDKROOT = iphoneos;
				SWIFT_COMPILATION_MODE = wholemodule;
				SWIFT_OPTIMIZATION_LEVEL = "-O";
				VALIDATE_PRODUCT = YES;
			};
			name = Release;
		};
		F1B1674F28E1252E00968D93 /* Debug */ = {
			isa = XCBuildConfiguration;
			buildSettings = {
				ASSETCATALOG_COMPILER_APPICON_NAME = AppIcon;
				ASSETCATALOG_COMPILER_GLOBAL_ACCENT_COLOR_NAME = AccentColor;
				CODE_SIGN_STYLE = Automatic;
				CURRENT_PROJECT_VERSION = 1;
				GENERATE_INFOPLIST_FILE = YES;
				INFOPLIST_FILE = "ListApp/Supporting Files/Info.plist";
				INFOPLIST_KEY_UIApplicationSupportsIndirectInputEvents = YES;
				INFOPLIST_KEY_UILaunchStoryboardName = LaunchScreen;
				INFOPLIST_KEY_UIMainStoryboardFile = Main;
				INFOPLIST_KEY_UISupportedInterfaceOrientations = UIInterfaceOrientationPortrait;
				INFOPLIST_KEY_UISupportedInterfaceOrientations_iPad = "UIInterfaceOrientationLandscapeLeft UIInterfaceOrientationLandscapeRight UIInterfaceOrientationPortrait UIInterfaceOrientationPortraitUpsideDown";
				LD_RUNPATH_SEARCH_PATHS = (
					"$(inherited)",
					"@executable_path/Frameworks",
				);
				MARKETING_VERSION = 1.0;
				PRODUCT_BUNDLE_IDENTIFIER = com.archeva.ListApp;
				PRODUCT_NAME = "$(TARGET_NAME)";
				SUPPORTED_PLATFORMS = "iphoneos iphonesimulator";
				SUPPORTS_MACCATALYST = NO;
				SUPPORTS_MAC_DESIGNED_FOR_IPHONE_IPAD = NO;
				SWIFT_EMIT_LOC_STRINGS = YES;
				SWIFT_VERSION = 5.0;
				TARGETED_DEVICE_FAMILY = 1;
			};
			name = Debug;
		};
		F1B1675028E1252E00968D93 /* Release */ = {
			isa = XCBuildConfiguration;
			buildSettings = {
				ASSETCATALOG_COMPILER_APPICON_NAME = AppIcon;
				ASSETCATALOG_COMPILER_GLOBAL_ACCENT_COLOR_NAME = AccentColor;
				CODE_SIGN_STYLE = Automatic;
				CURRENT_PROJECT_VERSION = 1;
				GENERATE_INFOPLIST_FILE = YES;
				INFOPLIST_FILE = "ListApp/Supporting Files/Info.plist";
				INFOPLIST_KEY_UIApplicationSupportsIndirectInputEvents = YES;
				INFOPLIST_KEY_UILaunchStoryboardName = LaunchScreen;
				INFOPLIST_KEY_UIMainStoryboardFile = Main;
				INFOPLIST_KEY_UISupportedInterfaceOrientations = UIInterfaceOrientationPortrait;
				INFOPLIST_KEY_UISupportedInterfaceOrientations_iPad = "UIInterfaceOrientationLandscapeLeft UIInterfaceOrientationLandscapeRight UIInterfaceOrientationPortrait UIInterfaceOrientationPortraitUpsideDown";
				LD_RUNPATH_SEARCH_PATHS = (
					"$(inherited)",
					"@executable_path/Frameworks",
				);
				MARKETING_VERSION = 1.0;
				PRODUCT_BUNDLE_IDENTIFIER = com.archeva.ListApp;
				PRODUCT_NAME = "$(TARGET_NAME)";
				SUPPORTED_PLATFORMS = "iphoneos iphonesimulator";
				SUPPORTS_MACCATALYST = NO;
				SUPPORTS_MAC_DESIGNED_FOR_IPHONE_IPAD = NO;
				SWIFT_EMIT_LOC_STRINGS = YES;
				SWIFT_VERSION = 5.0;
				TARGETED_DEVICE_FAMILY = 1;
			};
			name = Release;
		};
/* End XCBuildConfiguration section */

/* Begin XCConfigurationList section */
		F1B1673228E1252D00968D93 /* Build configuration list for PBXProject "ListApp" */ = {
			isa = XCConfigurationList;
			buildConfigurations = (
				F1B1674C28E1252E00968D93 /* Debug */,
				F1B1674D28E1252E00968D93 /* Release */,
			);
			defaultConfigurationIsVisible = 0;
			defaultConfigurationName = Release;
		};
		F1B1674E28E1252E00968D93 /* Build configuration list for PBXNativeTarget "ListApp" */ = {
			isa = XCConfigurationList;
			buildConfigurations = (
				F1B1674F28E1252E00968D93 /* Debug */,
				F1B1675028E1252E00968D93 /* Release */,
			);
			defaultConfigurationIsVisible = 0;
			defaultConfigurationName = Release;
		};
/* End XCConfigurationList section */

/* Begin XCVersionGroup section */
		F1B1674328E1252D00968D93 /* ListApp.xcdatamodeld */ = {
			isa = XCVersionGroup;
			children = (
				F1B1674428E1252D00968D93 /* ListApp.xcdatamodel */,
			);
			currentVersion = F1B1674428E1252D00968D93 /* ListApp.xcdatamodel */;
			path = ListApp.xcdatamodeld;
			sourceTree = "<group>";
			versionGroupType = wrapper.xcdatamodel;
		};
/* End XCVersionGroup section */
	};
	rootObject = F1B1672F28E1252D00968D93 /* Project object */;
}
